
Microsoft Visual Studio Solution File, Format Version 12.00
# Visual Studio Version 17
VisualStudioVersion = 17.14.37314.3 d17.14
MinimumVisualStudioVersion = 10.0.40219.1
Project("{FAE04EC0-301F-11D3-BF4B-00C04F79EFBC}") = "MedVision.Api", "MedVision.Api\MedVision.Api.csproj", "{FB708C8B-C111-4C80-BA62-FA8FDB684E45}"
EndProject
Global
	GlobalSection(SolutionConfigurationPlatforms) = preSolution
		Debug|Any CPU = Debug|Any CPU
		Release|Any CPU = Release|Any CPU
	EndGlobalSection
	GlobalSection(ProjectConfigurationPlatforms) = postSolution
		{FB708C8B-C111-4C80-BA62-FA8FDB684E45}.Debug|Any CPU.ActiveCfg = Debug|Any CPU
		{FB708C8B-C111-4C80-BA62-FA8FDB684E45}.Debug|Any CPU.Build.0 = Debug|Any CPU
		{FB708C8B-C111-4C80-BA62-FA8FDB684E45}.Release|Any CPU.ActiveCfg = Release|Any CPU
		{FB708C8B-C111-4C80-BA62-FA8FDB684E45}.Release|Any CPU.Build.0 = Release|Any CPU
	EndGlobalSection
	GlobalSection(SolutionProperties) = preSolution
		HideSolutionNode = FALSE
	EndGlobalSection
	GlobalSection(ExtensibilityGlobals) = postSolution
		SolutionGuid = {89ADD358-44F1-4F32-860B-79F4FC6237F3}
	EndGlobalSection
EndGlobal
